{
  "name": "demo-repo-c",
  "version": "1.0.0",
  "lockfileVersion": 2,
  "requires": true,
  "packages": {
    "": {
      "name": "demo-repo-c",
      "version": "1.0.0",
      "license": "ISC",
      "devDependencies": {
        "@test-lerna-repo/test-lerna-repo-c": "^6.0.3-rc.2"
      }
    },
    "node_modules/@test-lerna-repo/test-lerna-repo-a": {
      "version": "6.0.3-rc.2",
      "resolved": "https://registry.npmjs.org/@test-lerna-repo/test-lerna-repo-a/-/test-lerna-repo-a-6.0.3-rc.2.tgz",
      "integrity": "sha512-1hAunNkeZSItfwHm4uu/ybwSiQrrv1lDqmcS/gpRwYhrqOykbDyvLAPstw44QiRtIh6RzmQHtIsW1/nrnIN1fg==",
      "dev": true,
      "dependencies": {
        "axios": "^0.24.0"
      }
    },
    "node_modules/@test-lerna-repo/test-lerna-repo-b": {
      "version": "6.0.3-rc.2",
      "resolved": "https://registry.npmjs.org/@test-lerna-repo/test-lerna-repo-b/-/test-lerna-repo-b-6.0.3-rc.2.tgz",
      "integrity": "sha512-NFiGIyjMI47YZN/DJo5aPAOo5hRDpeGVUSUVmYJ9S+xE9KbacJ0a9xj3ZRcCmvHmSQD3dDZ8qDYwdbXaB4V/NQ==",
      "dev": true,
      "dependencies": {
        "@test-lerna-repo/test-lerna-repo-a": "^6.0.3-rc.2"
      }
    },
    "node_modules/@test-lerna-repo/test-lerna-repo-c": {
      "version": "6.0.3-rc.2",
      "resolved": "https://registry.npmjs.org/@test-lerna-repo/test-lerna-repo-c/-/test-lerna-repo-c-6.0.3-rc.2.tgz",
      "integrity": "sha512-1cL117tw9KUpMd9tB90NHWmyhOnNHgzy5bvFnwA77I81wSGU6bg0ENPcbWBwKW5Buf3y4rzlaCvw7DcBMQrvGQ==",
      "dev": true,
      "dependencies": {
        "@test-lerna-repo/test-lerna-repo-b": "^6.0.3-rc.2"
      }
    },
    "node_modules/axios": {
      "version": "0.24.0",
      "resolved": "https://registry.npmjs.org/axios/-/axios-0.24.0.tgz",
      "integrity": "sha512-Q6cWsys88HoPgAaFAVUb0WpPk0O8iTeisR9IMqy9G8AbO4NlpVknrnQS03zzF9PGAWgO3cgletO3VjV/P7VztA==",
      "dev": true,
      "dependencies": {
        "follow-redirects": "^1.14.4"
      }
    },
    "node_modules/follow-redirects": {
      "version": "1.14.6",
      "resolved": "https://registry.npmjs.org/follow-redirects/-/follow-redirects-1.14.6.tgz",
      "integrity": "sha512-fhUl5EwSJbbl8AR+uYL2KQDxLkdSjZGR36xy46AO7cOMTrCMON6Sa28FmAnC2tRTDbd/Uuzz3aJBv7EBN7JH8A==",
      "dev": true,
      "funding": [
        {
          "type": "individual",
          "url": "https://github.com/sponsors/RubenVerborgh"
        }
      ],
      "engines": {
        "node": ">=4.0"
      },
      "peerDependenciesMeta": {
        "debug": {
          "optional": true
        }
      }
    }
  },
  "dependencies": {
    "@test-lerna-repo/test-lerna-repo-a": {
      "version": "6.0.3-rc.2",
      "resolved": "https://registry.npmjs.org/@test-lerna-repo/test-lerna-repo-a/-/test-lerna-repo-a-6.0.3-rc.2.tgz",
      "integrity": "sha512-1hAunNkeZSItfwHm4uu/ybwSiQrrv1lDqmcS/gpRwYhrqOykbDyvLAPstw44QiRtIh6RzmQHtIsW1/nrnIN1fg==",
      "dev": true,
      "requires": {
        "axios": "^0.24.0"
      }
    },
    "@test-lerna-repo/test-lerna-repo-b": {
      "version": "6.0.3-rc.2",
      "resolved": "https://registry.npmjs.org/@test-lerna-repo/test-lerna-repo-b/-/test-lerna-repo-b-6.0.3-rc.2.tgz",
      "integrity": "sha512-NFiGIyjMI47YZN/DJo5aPAOo5hRDpeGVUSUVmYJ9S+xE9KbacJ0a9xj3ZRcCmvHmSQD3dDZ8qDYwdbXaB4V/NQ==",
      "dev": true,
      "requires": {
        "@test-lerna-repo/test-lerna-repo-a": "^6.0.3-rc.2"
      }
    },
    "@test-lerna-repo/test-lerna-repo-c": {
      "version": "6.0.3-rc.2",
      "resolved": "https://registry.npmjs.org/@test-lerna-repo/test-lerna-repo-c/-/test-lerna-repo-c-6.0.3-rc.2.tgz",
      "integrity": "sha512-1cL117tw9KUpMd9tB90NHWmyhOnNHgzy5bvFnwA77I81wSGU6bg0ENPcbWBwKW5Buf3y4rzlaCvw7DcBMQrvGQ==",
      "dev": true,
      "requires": {
        "@test-lerna-repo/test-lerna-repo-b": "^6.0.3-rc.2"
      }
    },
    "axios": {
      "version": "0.24.0",
      "resolved": "https://registry.npmjs.org/axios/-/axios-0.24.0.tgz",
      "integrity": "sha512-Q6cWsys88HoPgAaFAVUb0WpPk0O8iTeisR9IMqy9G8AbO4NlpVknrnQS03zzF9PGAWgO3cgletO3VjV/P7VztA==",
      "dev": true,
      "requires": {
        "follow-redirects": "^1.14.4"
      }
    },
    "follow-redirects": {
      "version": "1.14.6",
      "resolved": "https://registry.npmjs.org/follow-redirects/-/follow-redirects-1.14.6.tgz",
      "integrity": "sha512-fhUl5EwSJbbl8AR+uYL2KQDxLkdSjZGR36xy46AO7cOMTrCMON6Sa28FmAnC2tRTDbd/Uuzz3aJBv7EBN7JH8A==",
      "dev": true
    }
  }
}
