{
  "name": "demo-repo-c",
  "version": "1.0.0",
  "lockfileVersion": 2,
  "requires": true,
  "packages": {
    "": {
      "name": "demo-repo-c",
      "version": "1.0.0",
      "license": "ISC",
      "devDependencies": {
        "@test-lerna-repo/test-lerna-repo-c": "^6.0.3-rc.6"
      }
    },
    "node_modules/@test-lerna-repo/test-lerna-repo-a": {
      "version": "6.0.3-rc.6",
      "resolved": "https://registry.npmjs.org/@test-lerna-repo/test-lerna-repo-a/-/test-lerna-repo-a-6.0.3-rc.6.tgz",
      "integrity": "sha512-fVIXj2wEZybid/QvG2u1BQaSRqnMyL9ixfdpqL+yDkIuhmByt2Vqt8BTAtvjL3BnLOtZ/PAV0MeXrp+uPMYMyw==",
      "dev": true,
      "dependencies": {
        "axios": "^0.24.0"
      }
    },
    "node_modules/@test-lerna-repo/test-lerna-repo-b": {
      "version": "6.0.3-rc.6",
      "resolved": "https://registry.npmjs.org/@test-lerna-repo/test-lerna-repo-b/-/test-lerna-repo-b-6.0.3-rc.6.tgz",
      "integrity": "sha512-JRLPMZE+eYm9tt3OTR/J5wjC3nydanZ7YM9DiF9cP2FvPPmaXYpOEQaGcMVqypcc3xVEZ04WoAbJbd0M7abNIQ==",
      "dev": true,
      "dependencies": {
        "@test-lerna-repo/test-lerna-repo-a": "^6.0.3-rc.6"
      }
    },
    "node_modules/@test-lerna-repo/test-lerna-repo-c": {
      "version": "6.0.3-rc.6",
      "resolved": "https://registry.npmjs.org/@test-lerna-repo/test-lerna-repo-c/-/test-lerna-repo-c-6.0.3-rc.6.tgz",
      "integrity": "sha512-Oya57oRrAQ50RSoc/1aoFXTvKxNWFldfVu1JxdaOxCdVi5vEe9dUID4C62BaRooMlSN9XHvfhO4P3YTL01rn6A==",
      "dev": true,
      "dependencies": {
        "@test-lerna-repo/test-lerna-repo-b": "^6.0.3-rc.6"
      }
    },
    "node_modules/axios": {
      "version": "0.24.0",
      "resolved": "https://registry.npmjs.org/axios/-/axios-0.24.0.tgz",
      "integrity": "sha512-Q6cWsys88HoPgAaFAVUb0WpPk0O8iTeisR9IMqy9G8AbO4NlpVknrnQS03zzF9PGAWgO3cgletO3VjV/P7VztA==",
      "dev": true,
      "dependencies": {
        "follow-redirects": "^1.14.4"
      }
    },
    "node_modules/follow-redirects": {
      "version": "1.14.6",
      "resolved": "https://registry.npmjs.org/follow-redirects/-/follow-redirects-1.14.6.tgz",
      "integrity": "sha512-fhUl5EwSJbbl8AR+uYL2KQDxLkdSjZGR36xy46AO7cOMTrCMON6Sa28FmAnC2tRTDbd/Uuzz3aJBv7EBN7JH8A==",
      "dev": true,
      "funding": [
        {
          "type": "individual",
          "url": "https://github.com/sponsors/RubenVerborgh"
        }
      ],
      "engines": {
        "node": ">=4.0"
      },
      "peerDependenciesMeta": {
        "debug": {
          "optional": true
        }
      }
    }
  },
  "dependencies": {
    "@test-lerna-repo/test-lerna-repo-a": {
      "version": "6.0.3-rc.6",
      "resolved": "https://registry.npmjs.org/@test-lerna-repo/test-lerna-repo-a/-/test-lerna-repo-a-6.0.3-rc.6.tgz",
      "integrity": "sha512-fVIXj2wEZybid/QvG2u1BQaSRqnMyL9ixfdpqL+yDkIuhmByt2Vqt8BTAtvjL3BnLOtZ/PAV0MeXrp+uPMYMyw==",
      "dev": true,
      "requires": {
        "axios": "^0.24.0"
      }
    },
    "@test-lerna-repo/test-lerna-repo-b": {
      "version": "6.0.3-rc.6",
      "resolved": "https://registry.npmjs.org/@test-lerna-repo/test-lerna-repo-b/-/test-lerna-repo-b-6.0.3-rc.6.tgz",
      "integrity": "sha512-JRLPMZE+eYm9tt3OTR/J5wjC3nydanZ7YM9DiF9cP2FvPPmaXYpOEQaGcMVqypcc3xVEZ04WoAbJbd0M7abNIQ==",
      "dev": true,
      "requires": {
        "@test-lerna-repo/test-lerna-repo-a": "^6.0.3-rc.6"
      }
    },
    "@test-lerna-repo/test-lerna-repo-c": {
      "version": "6.0.3-rc.6",
      "resolved": "https://registry.npmjs.org/@test-lerna-repo/test-lerna-repo-c/-/test-lerna-repo-c-6.0.3-rc.6.tgz",
      "integrity": "sha512-Oya57oRrAQ50RSoc/1aoFXTvKxNWFldfVu1JxdaOxCdVi5vEe9dUID4C62BaRooMlSN9XHvfhO4P3YTL01rn6A==",
      "dev": true,
      "requires": {
        "@test-lerna-repo/test-lerna-repo-b": "^6.0.3-rc.6"
      }
    },
    "axios": {
      "version": "0.24.0",
      "resolved": "https://registry.npmjs.org/axios/-/axios-0.24.0.tgz",
      "integrity": "sha512-Q6cWsys88HoPgAaFAVUb0WpPk0O8iTeisR9IMqy9G8AbO4NlpVknrnQS03zzF9PGAWgO3cgletO3VjV/P7VztA==",
      "dev": true,
      "requires": {
        "follow-redirects": "^1.14.4"
      }
    },
    "follow-redirects": {
      "version": "1.14.6",
      "resolved": "https://registry.npmjs.org/follow-redirects/-/follow-redirects-1.14.6.tgz",
      "integrity": "sha512-fhUl5EwSJbbl8AR+uYL2KQDxLkdSjZGR36xy46AO7cOMTrCMON6Sa28FmAnC2tRTDbd/Uuzz3aJBv7EBN7JH8A==",
      "dev": true
    }
  }
}
