{
  "name": "demo-repo-c",
  "version": "1.0.0",
  "lockfileVersion": 2,
  "requires": true,
  "packages": {
    "": {
      "name": "demo-repo-c",
      "version": "1.0.0",
      "license": "ISC",
      "dependencies": {
        "@test-lerna-repo/test-lerna-repo-c": "^6.1.4-alpha.2"
      }
    },
    "node_modules/@test-lerna-repo/test-lerna-repo-a": {
      "version": "6.1.4-alpha.2",
      "resolved": "https://registry.npmjs.org/@test-lerna-repo/test-lerna-repo-a/-/test-lerna-repo-a-6.1.4-alpha.2.tgz",
      "integrity": "sha512-AIeqimdoisRRznrqVKQA0qNI1fgkmnXyJxym5cfLsT3DXT2ZBGR+5pimUof4zptS02VeAj4tsdUBv8BStKeg2w=="
    },
    "node_modules/@test-lerna-repo/test-lerna-repo-b": {
      "version": "6.1.4-alpha.2",
      "resolved": "https://registry.npmjs.org/@test-lerna-repo/test-lerna-repo-b/-/test-lerna-repo-b-6.1.4-alpha.2.tgz",
      "integrity": "sha512-ThZxqdPtmnYPCjlz8vptgW6gSy7oqzowGegUf5RiR/T/XRWPVUQ1AwLVx2u3nMLpQwm//0OUx0njSRzOtmFdkg==",
      "dependencies": {
        "@test-lerna-repo/test-lerna-repo-a": "^6.1.4-alpha.2"
      }
    },
    "node_modules/@test-lerna-repo/test-lerna-repo-c": {
      "version": "6.1.4-alpha.2",
      "resolved": "https://registry.npmjs.org/@test-lerna-repo/test-lerna-repo-c/-/test-lerna-repo-c-6.1.4-alpha.2.tgz",
      "integrity": "sha512-cmEsHk6hPF6uk1mpBcSnrbjFb3C79o/fDUpV84TLiMlACaZwhd9ujuXoiAmnx22N0SrBMrmCmjnBxUV4o6MYWg==",
      "dependencies": {
        "@test-lerna-repo/test-lerna-repo-b": "^6.1.4-alpha.2"
      }
    }
  },
  "dependencies": {
    "@test-lerna-repo/test-lerna-repo-a": {
      "version": "6.1.4-alpha.2",
      "resolved": "https://registry.npmjs.org/@test-lerna-repo/test-lerna-repo-a/-/test-lerna-repo-a-6.1.4-alpha.2.tgz",
      "integrity": "sha512-AIeqimdoisRRznrqVKQA0qNI1fgkmnXyJxym5cfLsT3DXT2ZBGR+5pimUof4zptS02VeAj4tsdUBv8BStKeg2w=="
    },
    "@test-lerna-repo/test-lerna-repo-b": {
      "version": "6.1.4-alpha.2",
      "resolved": "https://registry.npmjs.org/@test-lerna-repo/test-lerna-repo-b/-/test-lerna-repo-b-6.1.4-alpha.2.tgz",
      "integrity": "sha512-ThZxqdPtmnYPCjlz8vptgW6gSy7oqzowGegUf5RiR/T/XRWPVUQ1AwLVx2u3nMLpQwm//0OUx0njSRzOtmFdkg==",
      "requires": {
        "@test-lerna-repo/test-lerna-repo-a": "^6.1.4-alpha.2"
      }
    },
    "@test-lerna-repo/test-lerna-repo-c": {
      "version": "6.1.4-alpha.2",
      "resolved": "https://registry.npmjs.org/@test-lerna-repo/test-lerna-repo-c/-/test-lerna-repo-c-6.1.4-alpha.2.tgz",
      "integrity": "sha512-cmEsHk6hPF6uk1mpBcSnrbjFb3C79o/fDUpV84TLiMlACaZwhd9ujuXoiAmnx22N0SrBMrmCmjnBxUV4o6MYWg==",
      "requires": {
        "@test-lerna-repo/test-lerna-repo-b": "^6.1.4-alpha.2"
      }
    }
  }
}
