{
  "name": "demo-repo-c",
  "version": "1.0.0",
  "lockfileVersion": 2,
  "requires": true,
  "packages": {
    "": {
      "name": "demo-repo-c",
      "version": "1.0.0",
      "license": "ISC",
      "dependencies": {
        "@test-lerna-repo/test-lerna-repo-c": "^6.1.4-alpha.3"
      }
    },
    "node_modules/@test-lerna-repo/test-lerna-repo-a": {
      "version": "6.1.4-alpha.3",
      "resolved": "https://registry.npmjs.org/@test-lerna-repo/test-lerna-repo-a/-/test-lerna-repo-a-6.1.4-alpha.3.tgz",
      "integrity": "sha512-UlkI3Ngxv/uUf+K107PLi+rB2LU0nYgTMP2R5abJTJMbUX6ZxREJIFLYwojNEIqfM5KNsnCRNjNZSh/yLT4AWw=="
    },
    "node_modules/@test-lerna-repo/test-lerna-repo-b": {
      "version": "6.1.4-alpha.3",
      "resolved": "https://registry.npmjs.org/@test-lerna-repo/test-lerna-repo-b/-/test-lerna-repo-b-6.1.4-alpha.3.tgz",
      "integrity": "sha512-SooZVIg9n9t5wstg53Yllhuhb+Tq6oiJm7RFIx6U+Vi1PCiUkP5WJsden1JYEx2KsfFpyyudt9WvB9EFAJAnMQ==",
      "dependencies": {
        "@test-lerna-repo/test-lerna-repo-a": "^6.1.4-alpha.3"
      }
    },
    "node_modules/@test-lerna-repo/test-lerna-repo-c": {
      "version": "6.1.4-alpha.3",
      "resolved": "https://registry.npmjs.org/@test-lerna-repo/test-lerna-repo-c/-/test-lerna-repo-c-6.1.4-alpha.3.tgz",
      "integrity": "sha512-QW+Bu27plfhm4YRHV7gHmxESfA+yeoiPsFvCT5LdiY/d5pY0B/xZJeHBIRSinym4YizOIsIDLuHRhInbsSDvXQ==",
      "dependencies": {
        "@test-lerna-repo/test-lerna-repo-b": "^6.1.4-alpha.3"
      }
    }
  },
  "dependencies": {
    "@test-lerna-repo/test-lerna-repo-a": {
      "version": "6.1.4-alpha.3",
      "resolved": "https://registry.npmjs.org/@test-lerna-repo/test-lerna-repo-a/-/test-lerna-repo-a-6.1.4-alpha.3.tgz",
      "integrity": "sha512-UlkI3Ngxv/uUf+K107PLi+rB2LU0nYgTMP2R5abJTJMbUX6ZxREJIFLYwojNEIqfM5KNsnCRNjNZSh/yLT4AWw=="
    },
    "@test-lerna-repo/test-lerna-repo-b": {
      "version": "6.1.4-alpha.3",
      "resolved": "https://registry.npmjs.org/@test-lerna-repo/test-lerna-repo-b/-/test-lerna-repo-b-6.1.4-alpha.3.tgz",
      "integrity": "sha512-SooZVIg9n9t5wstg53Yllhuhb+Tq6oiJm7RFIx6U+Vi1PCiUkP5WJsden1JYEx2KsfFpyyudt9WvB9EFAJAnMQ==",
      "requires": {
        "@test-lerna-repo/test-lerna-repo-a": "^6.1.4-alpha.3"
      }
    },
    "@test-lerna-repo/test-lerna-repo-c": {
      "version": "6.1.4-alpha.3",
      "resolved": "https://registry.npmjs.org/@test-lerna-repo/test-lerna-repo-c/-/test-lerna-repo-c-6.1.4-alpha.3.tgz",
      "integrity": "sha512-QW+Bu27plfhm4YRHV7gHmxESfA+yeoiPsFvCT5LdiY/d5pY0B/xZJeHBIRSinym4YizOIsIDLuHRhInbsSDvXQ==",
      "requires": {
        "@test-lerna-repo/test-lerna-repo-b": "^6.1.4-alpha.3"
      }
    }
  }
}
