{
  "name": "@test-lerna-repo/test-lerna-repo-c",
  "version": "6.1.3-alpha.2",
  "lockfileVersion": 2,
  "requires": true,
  "packages": {
    "": {
      "name": "@test-lerna-repo/test-lerna-repo-c",
      "version": "1.0.0",
      "license": "ISC",
      "dependencies": {
        "@test-lerna-repo/test-lerna-repo-b": "^6.0.2"
      }
    },
    "node_modules/@test-lerna-repo/test-lerna-repo-b": {
      "version": "6.0.2",
      "resolved": "https://registry.npmjs.org/@test-lerna-repo/test-lerna-repo-b/-/test-lerna-repo-b-6.0.2.tgz",
      "integrity": "sha512-4r7LEDJpmszx002yJjUhWbdD0znE24vzJTR7NW6A9smMAOIkRxoBPqQPAJAf2DYidv64l8E7QA1Q6+G+h7nzlA=="
    }
  },
  "dependencies": {
    "@test-lerna-repo/test-lerna-repo-b": {
      "version": "6.0.2",
      "resolved": "https://registry.npmjs.org/@test-lerna-repo/test-lerna-repo-b/-/test-lerna-repo-b-6.0.2.tgz",
      "integrity": "sha512-4r7LEDJpmszx002yJjUhWbdD0znE24vzJTR7NW6A9smMAOIkRxoBPqQPAJAf2DYidv64l8E7QA1Q6+G+h7nzlA=="
    }
  }
}
